
Microsoft Visual Studio Solution File, Format Version 12.00
# Visual Studio 2015
Project("{FAE04EC0-301F-11D3-BF4B-00C04F79EFBC}") = "DeliverBoy.CSharp", "DeliverBoy.CSharp.csproj", "{18F57F55-98DF-8F48-A1DE-951D0E9EE4D1}"
EndProject
Global
	GlobalSection(SolutionConfigurationPlatforms) = preSolution
		Debug|Any CPU = Debug|Any CPU
		Release|Any CPU = Release|Any CPU
	EndGlobalSection
	GlobalSection(ProjectConfigurationPlatforms) = postSolution
		{18F57F55-98DF-8F48-A1DE-951D0E9EE4D1}.Debug|Any CPU.ActiveCfg = Debug|Any CPU
		{18F57F55-98DF-8F48-A1DE-951D0E9EE4D1}.Debug|Any CPU.Build.0 = Debug|Any CPU
		{18F57F55-98DF-8F48-A1DE-951D0E9EE4D1}.Release|Any CPU.ActiveCfg = Release|Any CPU
		{18F57F55-98DF-8F48-A1DE-951D0E9EE4D1}.Release|Any CPU.Build.0 = Release|Any CPU
	EndGlobalSection
	GlobalSection(SolutionProperties) = preSolution
		HideSolutionNode = FALSE
	EndGlobalSection
EndGlobal
